<?xml version="1.0" encoding="utf-8"?>
<Project ToolsVersion="4.0" xmlns="http://schemas.microsoft.com/developer/msbuild/2003">
  <ItemGroup>
    <Filter Include="Source Files">
      <UniqueIdentifier>{4FC737F1-C7A5-4376-A066-2A32D752A2FF}</UniqueIdentifier>
      <Extensions>cpp;c;cc;cxx;def;odl;idl;hpj;bat;asm;asmx</Extensions>
    </Filter>
    <Filter Include="Resource Files">
      <UniqueIdentifier>{67DA6AB6-F800-4c08-8B7A-83BB121AAD01}</UniqueIdentifier>
      <Extensions>rc;ico;cur;bmp;dlg;rc2;rct;bin;rgs;gif;jpg;jpeg;jpe;resx;tiff;tif;png;wav;mfcribbon-ms</Extensions>
    </Filter>
    <Filter Include="Source Files\Engine">
      <UniqueIdentifier>{6b1d41ae-b8c6-4678-bc6e-a385bedcdb2b}</UniqueIdentifier>
    </Filter>
    <Filter Include="Source Files\Engine\Renderer">
      <UniqueIdentifier>{311b1703-5a58-4a3f-acb3-1da0282757b0}</UniqueIdentifier>
    </Filter>
    <Filter Include="Source Files\Engine\Renderer\Buffers">
      <UniqueIdentifier>{b506e771-4039-4506-974a-4dc1ffb5ee8b}</UniqueIdentifier>
    </Filter>
    <Filter Include="Source Files\Engine\Utils">
      <UniqueIdentifier>{24db6fc0-6666-40a0-8388-9ad0edd87bf0}</UniqueIdentifier>
    </Filter>
    <Filter Include="Source Files\Engine\Utils\Logger">
      <UniqueIdentifier>{4f90662e-0436-42e2-b51a-2213125f9dd3}</UniqueIdentifier>
    </Filter>
    <Filter Include="Source Files\Engine\Utils\Filesystem">
      <UniqueIdentifier>{f814bf01-5835-4dbe-9d48-571a113ae9d6}</UniqueIdentifier>
    </Filter>
  </ItemGroup>
  <ItemGroup>
    <ClCompile Include="src\main.cpp">
      <Filter>Source Files</Filter>
    </ClCompile>
    <ClCompile Include="src\Engine\Renderer\Buffers\buffer.cpp">
      <Filter>Source Files\Engine\Renderer\Buffers</Filter>
    </ClCompile>
    <ClCompile Include="src\Engine\Utils\Logger\logger.cpp">
      <Filter>Source Files\Engine\Utils\Logger</Filter>
    </ClCompile>
    <ClCompile Include="src\Engine\Utils\Filesystem\filesystem.cpp">
      <Filter>Source Files\Engine\Utils\Filesystem</Filter>
    </ClCompile>
  </ItemGroup>
  <ItemGroup>
    <ClInclude Include="resource.h">
      <Filter>Source Files</Filter>
    </ClInclude>
    <ClInclude Include="src\global.h">
      <Filter>Source Files</Filter>
    </ClInclude>
    <ClInclude Include="src\Engine\Renderer\Buffers\buffer.h">
      <Filter>Source Files\Engine\Renderer\Buffers</Filter>
    </ClInclude>
    <ClInclude Include="src\Engine\Utils\Logger\logger.h">
      <Filter>Source Files\Engine\Utils\Logger</Filter>
    </ClInclude>
    <ClInclude Include="src\Engine\Utils\Filesystem\filesystem.h">
      <Filter>Source Files\Engine\Utils\Filesystem</Filter>
    </ClInclude>
    <ClInclude Include="src\Engine\Renderer\graphicsResource.h">
      <Filter>Source Files\Engine\Renderer</Filter>
    </ClInclude>
  </ItemGroup>
  <ItemGroup>
    <ResourceCompile Include="InsectRTS.rc">
      <Filter>Resource Files</Filter>
    </ResourceCompile>
  </ItemGroup>
</Project>