
Microsoft Visual Studio Solution File, Format Version 12.00
# Visual Studio 15
VisualStudioVersion = 15.0.28010.2050
MinimumVisualStudioVersion = 10.0.40219.1
Project("{FAE04EC0-301F-11D3-BF4B-00C04F79EFBC}") = "InsectRTS", "InsectRTS\InsectRTS.csproj", "{D7646676-0AA8-4C25-B918-EE9A46D2DC99}"
EndProject
Project("{FAE04EC0-301F-11D3-BF4B-00C04F79EFBC}") = "Engine", "Engine\Engine.csproj", "{F9728B02-1CF8-48A9-9D3B-3908C33FE76C}"
EndProject
Global
	GlobalSection(SolutionConfigurationPlatforms) = preSolution
		Debug|Any CPU = Debug|Any CPU
		Release|Any CPU = Release|Any CPU
	EndGlobalSection
	GlobalSection(ProjectConfigurationPlatforms) = postSolution
		{D7646676-0AA8-4C25-B918-EE9A46D2DC99}.Debug|Any CPU.ActiveCfg = Debug|Any CPU
		{D7646676-0AA8-4C25-B918-EE9A46D2DC99}.Debug|Any CPU.Build.0 = Debug|Any CPU
		{D7646676-0AA8-4C25-B918-EE9A46D2DC99}.Release|Any CPU.ActiveCfg = Release|Any CPU
		{D7646676-0AA8-4C25-B918-EE9A46D2DC99}.Release|Any CPU.Build.0 = Release|Any CPU
		{F9728B02-1CF8-48A9-9D3B-3908C33FE76C}.Debug|Any CPU.ActiveCfg = Debug|Any CPU
		{F9728B02-1CF8-48A9-9D3B-3908C33FE76C}.Debug|Any CPU.Build.0 = Debug|Any CPU
		{F9728B02-1CF8-48A9-9D3B-3908C33FE76C}.Release|Any CPU.ActiveCfg = Release|Any CPU
		{F9728B02-1CF8-48A9-9D3B-3908C33FE76C}.Release|Any CPU.Build.0 = Release|Any CPU
	EndGlobalSection
	GlobalSection(SolutionProperties) = preSolution
		HideSolutionNode = FALSE
	EndGlobalSection
	GlobalSection(ExtensibilityGlobals) = postSolution
		SolutionGuid = {B00D31FF-3573-43E6-A5F6-6645E3F3192C}
	EndGlobalSection
EndGlobal
